
Microsoft Visual Studio Solution File, Format Version 12.00
# Visual Studio Version 17
VisualStudioVersion = 17.10.35013.160
MinimumVisualStudioVersion = 10.0.40219.1
Project("{FAE04EC0-301F-11D3-BF4B-00C04F79EFBC}") = "apis-web-services-fuel-manager", "apis-web-services-fuel-manager\apis-web-services-fuel-manager.csproj", "{2AEECC28-AFFF-4004-A92F-48CAA949E9A5}"
EndProject
Global
	GlobalSection(SolutionConfigurationPlatforms) = preSolution
		Debug|Any CPU = Debug|Any CPU
		Release|Any CPU = Release|Any CPU
	EndGlobalSection
	GlobalSection(ProjectConfigurationPlatforms) = postSolution
		{2AEECC28-AFFF-4004-A92F-48CAA949E9A5}.Debug|Any CPU.ActiveCfg = Debug|Any CPU
		{2AEECC28-AFFF-4004-A92F-48CAA949E9A5}.Debug|Any CPU.Build.0 = Debug|Any CPU
		{2AEECC28-AFFF-4004-A92F-48CAA949E9A5}.Release|Any CPU.ActiveCfg = Release|Any CPU
		{2AEECC28-AFFF-4004-A92F-48CAA949E9A5}.Release|Any CPU.Build.0 = Release|Any CPU
	EndGlobalSection
	GlobalSection(SolutionProperties) = preSolution
		HideSolutionNode = FALSE
	EndGlobalSection
	GlobalSection(ExtensibilityGlobals) = postSolution
		SolutionGuid = {F68F96DB-2EA4-41DA-A611-0DBE3912E581}
	EndGlobalSection
EndGlobal
